Microsoft Visual Studio Solution File, Format Version 12.00
# Visual Studio 15
VisualStudioVersion = 15.0.26020.0
MinimumVisualStudioVersion = 10.0.40219.1
Project("{FAE04EC0-301F-11D3-BF4B-00C04F79EFBC}") = "Facepunch.UnityEngine", "Facepunch.UnityEngine.csproj", "{FB1E8C19-7E8D-46D4-BBCB-E5F96E66FB9F}"
EndProject
Global
	GlobalSection(SolutionConfigurationPlatforms) = preSolution
		Debug|Any CPU = Debug|Any CPU
		Release|Any CPU = Release|Any CPU
	EndGlobalSection
	GlobalSection(ProjectConfigurationPlatforms) = postSolution
		{FB1E8C19-7E8D-46D4-BBCB-E5F96E66FB9F}.Debug|Any CPU.ActiveCfg = Debug|Any CPU
		{FB1E8C19-7E8D-46D4-BBCB-E5F96E66FB9F}.Debug|Any CPU.Build.0 = Debug|Any CPU
		{FB1E8C19-7E8D-46D4-BBCB-E5F96E66FB9F}.Release|Any CPU.ActiveCfg = Release|Any CPU
		{FB1E8C19-7E8D-46D4-BBCB-E5F96E66FB9F}.Release|Any CPU.Build.0 = Release|Any CPU
	EndGlobalSection
	GlobalSection(SolutionProperties) = preSolution
		HideSolutionNode = FALSE
	EndGlobalSection
EndGlobal
